
Microsoft Visual Studio Solution File, Format Version 12.00
# Visual Studio Version 16
VisualStudioVersion = 16.0.29709.97
MinimumVisualStudioVersion = 10.0.40219.1
Project("{FAE04EC0-301F-11D3-BF4B-00C04F79EFBC}") = "ConsoleApp1", "ConsoleApp1\ConsoleApp1.csproj", "{C63C6420-39BA-4BAF-BDA6-7D943E54499F}"
EndProject
Global
	GlobalSection(SolutionConfigurationPlatforms) = preSolution
		Debug|Any CPU = Debug|Any CPU
		Release|Any CPU = Release|Any CPU
	EndGlobalSection
	GlobalSection(ProjectConfigurationPlatforms) = postSolution
		{C63C6420-39BA-4BAF-BDA6-7D943E54499F}.Debug|Any CPU.ActiveCfg = Debug|Any CPU
		{C63C6420-39BA-4BAF-BDA6-7D943E54499F}.Debug|Any CPU.Build.0 = Debug|Any CPU
		{C63C6420-39BA-4BAF-BDA6-7D943E54499F}.Release|Any CPU.ActiveCfg = Release|Any CPU
		{C63C6420-39BA-4BAF-BDA6-7D943E54499F}.Release|Any CPU.Build.0 = Release|Any CPU
	EndGlobalSection
	GlobalSection(SolutionProperties) = preSolution
		HideSolutionNode = FALSE
	EndGlobalSection
	GlobalSection(ExtensibilityGlobals) = postSolution
		SolutionGuid = {8EBA3CDA-3B92-47AF-B7F2-936517324BFF}
	EndGlobalSection
EndGlobal
